
Microsoft Visual Studio Solution File, Format Version 12.00
# Visual Studio Version 17
VisualStudioVersion = 17.14.37012.4 d17.14
MinimumVisualStudioVersion = 10.0.40219.1
Project("{FAE04EC0-301F-11D3-BF4B-00C04F79EFBC}") = "EduConnect-Group14", "EduConnect-Group14\EduConnect-Group14.csproj", "{2DDC3E99-1BC2-47E1-B76D-833AA250B646}"
EndProject
Global
	GlobalSection(SolutionConfigurationPlatforms) = preSolution
		Debug|Any CPU = Debug|Any CPU
		Release|Any CPU = Release|Any CPU
	EndGlobalSection
	GlobalSection(ProjectConfigurationPlatforms) = postSolution
		{2DDC3E99-1BC2-47E1-B76D-833AA250B646}.Debug|Any CPU.ActiveCfg = Debug|Any CPU
		{2DDC3E99-1BC2-47E1-B76D-833AA250B646}.Debug|Any CPU.Build.0 = Debug|Any CPU
		{2DDC3E99-1BC2-47E1-B76D-833AA250B646}.Release|Any CPU.ActiveCfg = Release|Any CPU
		{2DDC3E99-1BC2-47E1-B76D-833AA250B646}.Release|Any CPU.Build.0 = Release|Any CPU
	EndGlobalSection
	GlobalSection(SolutionProperties) = preSolution
		HideSolutionNode = FALSE
	EndGlobalSection
	GlobalSection(ExtensibilityGlobals) = postSolution
		SolutionGuid = {D612C7B4-9ADA-4D04-A688-C38C9BA21882}
	EndGlobalSection
EndGlobal
